
Microsoft Visual Studio Solution File, Format Version 12.00
# Visual Studio Version 16
VisualStudioVersion = 16.0.34031.81
MinimumVisualStudioVersion = 10.0.40219.1
Project("{888888A0-9F3D-457C-B088-3A5042F75D52}") = "arreglo", "arreglo\arreglo.pyproj", "{B059ED1D-48C3-4E15-82D3-6E025A70FA8E}"
EndProject
Global
	GlobalSection(SolutionConfigurationPlatforms) = preSolution
		Debug|Any CPU = Debug|Any CPU
		Release|Any CPU = Release|Any CPU
	EndGlobalSection
	GlobalSection(ProjectConfigurationPlatforms) = postSolution
		{B059ED1D-48C3-4E15-82D3-6E025A70FA8E}.Debug|Any CPU.ActiveCfg = Debug|Any CPU
		{B059ED1D-48C3-4E15-82D3-6E025A70FA8E}.Release|Any CPU.ActiveCfg = Release|Any CPU
	EndGlobalSection
	GlobalSection(SolutionProperties) = preSolution
		HideSolutionNode = FALSE
	EndGlobalSection
	GlobalSection(ExtensibilityGlobals) = postSolution
		SolutionGuid = {E562BEE2-2648-4690-8BB3-6F9D72FE01CE}
	EndGlobalSection
EndGlobal
